
Microsoft Visual Studio Solution File, Format Version 12.00
# Visual Studio Version 17
VisualStudioVersion = 17.8.34309.116
MinimumVisualStudioVersion = 10.0.40219.1
Project("{FAE04EC0-301F-11D3-BF4B-00C04F79EFBC}") = "BlazorAppExam", "BlazorAppExam\BlazorAppExam\BlazorAppExam.csproj", "{084F8383-CE67-4BFD-B6EA-0E5F5CD2AB32}"
EndProject
Project("{FAE04EC0-301F-11D3-BF4B-00C04F79EFBC}") = "BlazorAppExam.Client", "BlazorAppExam\BlazorAppExam.Client\BlazorAppExam.Client.csproj", "{5DEA279D-165F-45D3-846C-85C34C8BD2C1}"
EndProject
Project("{FAE04EC0-301F-11D3-BF4B-00C04F79EFBC}") = "BlazorAppExam.Models", "BlazorAppExam.Models\BlazorAppExam.Models.csproj", "{EF532B4E-A34B-49CF-9626-E43A848A3D3D}"
EndProject
Global
	GlobalSection(SolutionConfigurationPlatforms) = preSolution
		Debug|Any CPU = Debug|Any CPU
		Release|Any CPU = Release|Any CPU
	EndGlobalSection
	GlobalSection(ProjectConfigurationPlatforms) = postSolution
		{084F8383-CE67-4BFD-B6EA-0E5F5CD2AB32}.Debug|Any CPU.ActiveCfg = Debug|Any CPU
		{084F8383-CE67-4BFD-B6EA-0E5F5CD2AB32}.Debug|Any CPU.Build.0 = Debug|Any CPU
		{084F8383-CE67-4BFD-B6EA-0E5F5CD2AB32}.Release|Any CPU.ActiveCfg = Release|Any CPU
		{084F8383-CE67-4BFD-B6EA-0E5F5CD2AB32}.Release|Any CPU.Build.0 = Release|Any CPU
		{5DEA279D-165F-45D3-846C-85C34C8BD2C1}.Debug|Any CPU.ActiveCfg = Debug|Any CPU
		{5DEA279D-165F-45D3-846C-85C34C8BD2C1}.Debug|Any CPU.Build.0 = Debug|Any CPU
		{5DEA279D-165F-45D3-846C-85C34C8BD2C1}.Release|Any CPU.ActiveCfg = Release|Any CPU
		{5DEA279D-165F-45D3-846C-85C34C8BD2C1}.Release|Any CPU.Build.0 = Release|Any CPU
		{EF532B4E-A34B-49CF-9626-E43A848A3D3D}.Debug|Any CPU.ActiveCfg = Debug|Any CPU
		{EF532B4E-A34B-49CF-9626-E43A848A3D3D}.Debug|Any CPU.Build.0 = Debug|Any CPU
		{EF532B4E-A34B-49CF-9626-E43A848A3D3D}.Release|Any CPU.ActiveCfg = Release|Any CPU
		{EF532B4E-A34B-49CF-9626-E43A848A3D3D}.Release|Any CPU.Build.0 = Release|Any CPU
	EndGlobalSection
	GlobalSection(SolutionProperties) = preSolution
		HideSolutionNode = FALSE
	EndGlobalSection
	GlobalSection(ExtensibilityGlobals) = postSolution
		SolutionGuid = {E5E3A329-C294-4EBD-97E6-D291C343E5D0}
	EndGlobalSection
EndGlobal
